// !$*UTF8*$!
{
	archiveVersion = 1;
	classes = {
	};
	objectVersion = 56;
	objects = {

/* Begin PBXBuildFile section */
		BD16593D297FDF3E007340B0 /* DetailViewController.swift in Sources */ = {isa = PBXBuildFile; fileRef = BD16593C297FDF3E007340B0 /* DetailViewController.swift */; };
		BD286A6A297AAA71000999D1 /* ComicsData.swift in Sources */ = {isa = PBXBuildFile; fileRef = BD286A69297AAA71000999D1 /* ComicsData.swift */; };
		BD286A6E297AB253000999D1 /* ComicsManager.swift in Sources */ = {isa = PBXBuildFile; fileRef = BD286A6D297AB253000999D1 /* ComicsManager.swift */; };
		BD286A73297C2911000999D1 /* ComicModel.swift in Sources */ = {isa = PBXBuildFile; fileRef = BD286A72297C2911000999D1 /* ComicModel.swift */; };
		BD286A89297ED935000999D1 /* SDWebImage in Frameworks */ = {isa = PBXBuildFile; productRef = BD286A88297ED935000999D1 /* SDWebImage */; };
		BD286A8F297EFF58000999D1 /* SearchViewController.swift in Sources */ = {isa = PBXBuildFile; fileRef = BD286A8E297EFF58000999D1 /* SearchViewController.swift */; };
		BD47620129828C9D0007AB62 /* ResultsViewController.swift in Sources */ = {isa = PBXBuildFile; fileRef = BD47620029828C9D0007AB62 /* ResultsViewController.swift */; };
		BD71A27B29AA7ED2004A96E6 /* Alamofire in Frameworks */ = {isa = PBXBuildFile; productRef = BD71A27A29AA7ED2004A96E6 /* Alamofire */; };
		BD7F751A29ACD48E00023BA5 /* MBProgressHUD in Frameworks */ = {isa = PBXBuildFile; productRef = BD7F751929ACD48E00023BA5 /* MBProgressHUD */; };
		BD7F751F29B0C60200023BA5 /* CustomCell.swift in Sources */ = {isa = PBXBuildFile; fileRef = BD7F751E29B0C60200023BA5 /* CustomCell.swift */; };
		BD7F752229B0C8C900023BA5 /* SnapKit in Frameworks */ = {isa = PBXBuildFile; productRef = BD7F752129B0C8C900023BA5 /* SnapKit */; };
		BD7F752529B0CB6800023BA5 /* UITableView+Ext.swift in Sources */ = {isa = PBXBuildFile; fileRef = BD7F752429B0CB6800023BA5 /* UITableView+Ext.swift */; };
		BD7F752729B0DA8C00023BA5 /* CustomView.swift in Sources */ = {isa = PBXBuildFile; fileRef = BD7F752629B0DA8C00023BA5 /* CustomView.swift */; };
		BDE7F954297734A500BFC3F8 /* AppDelegate.swift in Sources */ = {isa = PBXBuildFile; fileRef = BDE7F953297734A500BFC3F8 /* AppDelegate.swift */; };
		BDE7F956297734A500BFC3F8 /* SceneDelegate.swift in Sources */ = {isa = PBXBuildFile; fileRef = BDE7F955297734A500BFC3F8 /* SceneDelegate.swift */; };
		BDE7F958297734A500BFC3F8 /* ListViewController.swift in Sources */ = {isa = PBXBuildFile; fileRef = BDE7F957297734A500BFC3F8 /* ListViewController.swift */; };
		BDE7F95B297734A500BFC3F8 /* Main.storyboard in Resources */ = {isa = PBXBuildFile; fileRef = BDE7F959297734A500BFC3F8 /* Main.storyboard */; };
		BDE7F95D297734A700BFC3F8 /* Assets.xcassets in Resources */ = {isa = PBXBuildFile; fileRef = BDE7F95C297734A700BFC3F8 /* Assets.xcassets */; };
		BDE7F960297734A700BFC3F8 /* LaunchScreen.storyboard in Resources */ = {isa = PBXBuildFile; fileRef = BDE7F95E297734A700BFC3F8 /* LaunchScreen.storyboard */; };
/* End PBXBuildFile section */

/* Begin PBXFileReference section */
		BD16593C297FDF3E007340B0 /* DetailViewController.swift */ = {isa = PBXFileReference; fileEncoding = 4; lastKnownFileType = sourcecode.swift; path = DetailViewController.swift; sourceTree = "<group>"; };
		BD286A69297AAA71000999D1 /* ComicsData.swift */ = {isa = PBXFileReference; lastKnownFileType = sourcecode.swift; path = ComicsData.swift; sourceTree = "<group>"; };
		BD286A6D297AB253000999D1 /* ComicsManager.swift */ = {isa = PBXFileReference; fileEncoding = 4; lastKnownFileType = sourcecode.swift; path = ComicsManager.swift; sourceTree = "<group>"; };
		BD286A72297C2911000999D1 /* ComicModel.swift */ = {isa = PBXFileReference; lastKnownFileType = sourcecode.swift; path = ComicModel.swift; sourceTree = "<group>"; };
		BD286A8E297EFF58000999D1 /* SearchViewController.swift */ = {isa = PBXFileReference; lastKnownFileType = sourcecode.swift; path = SearchViewController.swift; sourceTree = "<group>"; };
		BD47620029828C9D0007AB62 /* ResultsViewController.swift */ = {isa = PBXFileReference; lastKnownFileType = sourcecode.swift; path = ResultsViewController.swift; sourceTree = "<group>"; };
		BD7F751E29B0C60200023BA5 /* CustomCell.swift */ = {isa = PBXFileReference; lastKnownFileType = sourcecode.swift; path = CustomCell.swift; sourceTree = "<group>"; };
		BD7F752429B0CB6800023BA5 /* UITableView+Ext.swift */ = {isa = PBXFileReference; lastKnownFileType = sourcecode.swift; path = "UITableView+Ext.swift"; sourceTree = "<group>"; };
		BD7F752629B0DA8C00023BA5 /* CustomView.swift */ = {isa = PBXFileReference; lastKnownFileType = sourcecode.swift; path = CustomView.swift; sourceTree = "<group>"; };
		BDE7F950297734A500BFC3F8 /* MarvelComics.app */ = {isa = PBXFileReference; explicitFileType = wrapper.application; includeInIndex = 0; path = MarvelComics.app; sourceTree = BUILT_PRODUCTS_DIR; };
		BDE7F953297734A500BFC3F8 /* AppDelegate.swift */ = {isa = PBXFileReference; lastKnownFileType = sourcecode.swift; path = AppDelegate.swift; sourceTree = "<group>"; };
		BDE7F955297734A500BFC3F8 /* SceneDelegate.swift */ = {isa = PBXFileReference; lastKnownFileType = sourcecode.swift; path = SceneDelegate.swift; sourceTree = "<group>"; };
		BDE7F957297734A500BFC3F8 /* ListViewController.swift */ = {isa = PBXFileReference; lastKnownFileType = sourcecode.swift; path = ListViewController.swift; sourceTree = "<group>"; };
		BDE7F95A297734A500BFC3F8 /* Base */ = {isa = PBXFileReference; lastKnownFileType = file.storyboard; name = Base; path = Base.lproj/Main.storyboard; sourceTree = "<group>"; };
		BDE7F95C297734A700BFC3F8 /* Assets.xcassets */ = {isa = PBXFileReference; lastKnownFileType = folder.assetcatalog; path = Assets.xcassets; sourceTree = "<group>"; };
		BDE7F95F297734A700BFC3F8 /* Base */ = {isa = PBXFileReference; lastKnownFileType = file.storyboard; name = Base; path = Base.lproj/LaunchScreen.storyboard; sourceTree = "<group>"; };
		BDE7F961297734A700BFC3F8 /* Info.plist */ = {isa = PBXFileReference; lastKnownFileType = text.plist.xml; path = Info.plist; sourceTree = "<group>"; };
/* End PBXFileReference section */

/* Begin PBXFrameworksBuildPhase section */
		BDE7F94D297734A500BFC3F8 /* Frameworks */ = {
			isa = PBXFrameworksBuildPhase;
			buildActionMask = 2147483647;
			files = (
				BD7F751A29ACD48E00023BA5 /* MBProgressHUD in Frameworks */,
				BD7F752229B0C8C900023BA5 /* SnapKit in Frameworks */,
				BD286A89297ED935000999D1 /* SDWebImage in Frameworks */,
				BD71A27B29AA7ED2004A96E6 /* Alamofire in Frameworks */,
			);
			runOnlyForDeploymentPostprocessing = 0;
		};
/* End PBXFrameworksBuildPhase section */

/* Begin PBXGroup section */
		BD286A6F297AC8ED000999D1 /* Model */ = {
			isa = PBXGroup;
			children = (
				BD286A72297C2911000999D1 /* ComicModel.swift */,
				BD286A69297AAA71000999D1 /* ComicsData.swift */,
				BD286A6D297AB253000999D1 /* ComicsManager.swift */,
			);
			path = Model;
			sourceTree = "<group>";
		};
		BD286A8A297EFD32000999D1 /* View */ = {
			isa = PBXGroup;
			children = (
				BDE7F959297734A500BFC3F8 /* Main.storyboard */,
				BD67D7A72985A87E00C313BD /* Custom details view */,
				BD4762062985A7C50007AB62 /* Custom tableViewCell */,
			);
			path = View;
			sourceTree = "<group>";
		};
		BD286A8B297EFD44000999D1 /* Controllers */ = {
			isa = PBXGroup;
			children = (
				BDE7F957297734A500BFC3F8 /* ListViewController.swift */,
				BD286A8E297EFF58000999D1 /* SearchViewController.swift */,
				BD16593C297FDF3E007340B0 /* DetailViewController.swift */,
				BD47620029828C9D0007AB62 /* ResultsViewController.swift */,
			);
			path = Controllers;
			sourceTree = "<group>";
		};
		BD4762062985A7C50007AB62 /* Custom tableViewCell */ = {
			isa = PBXGroup;
			children = (
				BD7F751E29B0C60200023BA5 /* CustomCell.swift */,
			);
			path = "Custom tableViewCell";
			sourceTree = "<group>";
		};
		BD67D7A72985A87E00C313BD /* Custom details view */ = {
			isa = PBXGroup;
			children = (
				BD7F752629B0DA8C00023BA5 /* CustomView.swift */,
			);
			path = "Custom details view";
			sourceTree = "<group>";
		};
		BD7F752329B0CB3600023BA5 /* Extensions */ = {
			isa = PBXGroup;
			children = (
				BD7F752429B0CB6800023BA5 /* UITableView+Ext.swift */,
			);
			path = Extensions;
			sourceTree = "<group>";
		};
		BDE7F947297734A500BFC3F8 = {
			isa = PBXGroup;
			children = (
				BDE7F952297734A500BFC3F8 /* MarvelComics */,
				BDE7F951297734A500BFC3F8 /* Products */,
			);
			sourceTree = "<group>";
		};
		BDE7F951297734A500BFC3F8 /* Products */ = {
			isa = PBXGroup;
			children = (
				BDE7F950297734A500BFC3F8 /* MarvelComics.app */,
			);
			name = Products;
			sourceTree = "<group>";
		};
		BDE7F952297734A500BFC3F8 /* MarvelComics */ = {
			isa = PBXGroup;
			children = (
				BDE7F953297734A500BFC3F8 /* AppDelegate.swift */,
				BDE7F955297734A500BFC3F8 /* SceneDelegate.swift */,
				BD286A6F297AC8ED000999D1 /* Model */,
				BD286A8B297EFD44000999D1 /* Controllers */,
				BD286A8A297EFD32000999D1 /* View */,
				BD7F752329B0CB3600023BA5 /* Extensions */,
				BDE7F95C297734A700BFC3F8 /* Assets.xcassets */,
				BDE7F95E297734A700BFC3F8 /* LaunchScreen.storyboard */,
				BDE7F961297734A700BFC3F8 /* Info.plist */,
			);
			path = MarvelComics;
			sourceTree = "<group>";
		};
/* End PBXGroup section */

/* Begin PBXNativeTarget section */
		BDE7F94F297734A500BFC3F8 /* MarvelComics */ = {
			isa = PBXNativeTarget;
			buildConfigurationList = BDE7F964297734A700BFC3F8 /* Build configuration list for PBXNativeTarget "MarvelComics" */;
			buildPhases = (
				BDE7F94C297734A500BFC3F8 /* Sources */,
				BDE7F94D297734A500BFC3F8 /* Frameworks */,
				BDE7F94E297734A500BFC3F8 /* Resources */,
			);
			buildRules = (
			);
			dependencies = (
			);
			name = MarvelComics;
			packageProductDependencies = (
				BD286A88297ED935000999D1 /* SDWebImage */,
				BD71A27A29AA7ED2004A96E6 /* Alamofire */,
				BD7F751929ACD48E00023BA5 /* MBProgressHUD */,
				BD7F752129B0C8C900023BA5 /* SnapKit */,
			);
			productName = MarvelComics;
			productReference = BDE7F950297734A500BFC3F8 /* MarvelComics.app */;
			productType = "com.apple.product-type.application";
		};
/* End PBXNativeTarget section */

/* Begin PBXProject section */
		BDE7F948297734A500BFC3F8 /* Project object */ = {
			isa = PBXProject;
			attributes = {
				BuildIndependentTargetsInParallel = 1;
				LastSwiftUpdateCheck = 1420;
				LastUpgradeCheck = 1420;
				TargetAttributes = {
					BDE7F94F297734A500BFC3F8 = {
						CreatedOnToolsVersion = 14.2;
					};
				};
			};
			buildConfigurationList = BDE7F94B297734A500BFC3F8 /* Build configuration list for PBXProject "MarvelComics" */;
			compatibilityVersion = "Xcode 14.0";
			developmentRegion = en;
			hasScannedForEncodings = 0;
			knownRegions = (
				en,
				Base,
			);
			mainGroup = BDE7F947297734A500BFC3F8;
			packageReferences = (
				BD286A87297ED935000999D1 /* XCRemoteSwiftPackageReference "SDWebImage" */,
				BD71A27929AA7ED2004A96E6 /* XCRemoteSwiftPackageReference "Alamofire" */,
				BD7F751829ACD48D00023BA5 /* XCRemoteSwiftPackageReference "MBProgressHUD" */,
				BD7F752029B0C8C900023BA5 /* XCRemoteSwiftPackageReference "SnapKit" */,
			);
			productRefGroup = BDE7F951297734A500BFC3F8 /* Products */;
			projectDirPath = "";
			projectRoot = "";
			targets = (
				BDE7F94F297734A500BFC3F8 /* MarvelComics */,
			);
		};
/* End PBXProject section */

/* Begin PBXResourcesBuildPhase section */
		BDE7F94E297734A500BFC3F8 /* Resources */ = {
			isa = PBXResourcesBuildPhase;
			buildActionMask = 2147483647;
			files = (
				BDE7F960297734A700BFC3F8 /* LaunchScreen.storyboard in Resources */,
				BDE7F95D297734A700BFC3F8 /* Assets.xcassets in Resources */,
				BDE7F95B297734A500BFC3F8 /* Main.storyboard in Resources */,
			);
			runOnlyForDeploymentPostprocessing = 0;
		};
/* End PBXResourcesBuildPhase section */

/* Begin PBXSourcesBuildPhase section */
		BDE7F94C297734A500BFC3F8 /* Sources */ = {
			isa = PBXSourcesBuildPhase;
			buildActionMask = 2147483647;
			files = (
				BD16593D297FDF3E007340B0 /* DetailViewController.swift in Sources */,
				BDE7F958297734A500BFC3F8 /* ListViewController.swift in Sources */,
				BD286A6A297AAA71000999D1 /* ComicsData.swift in Sources */,
				BD7F752729B0DA8C00023BA5 /* CustomView.swift in Sources */,
				BD47620129828C9D0007AB62 /* ResultsViewController.swift in Sources */,
				BD7F751F29B0C60200023BA5 /* CustomCell.swift in Sources */,
				BD286A8F297EFF58000999D1 /* SearchViewController.swift in Sources */,
				BD286A6E297AB253000999D1 /* ComicsManager.swift in Sources */,
				BDE7F954297734A500BFC3F8 /* AppDelegate.swift in Sources */,
				BD7F752529B0CB6800023BA5 /* UITableView+Ext.swift in Sources */,
				BDE7F956297734A500BFC3F8 /* SceneDelegate.swift in Sources */,
				BD286A73297C2911000999D1 /* ComicModel.swift in Sources */,
			);
			runOnlyForDeploymentPostprocessing = 0;
		};
/* End PBXSourcesBuildPhase section */

/* Begin PBXVariantGroup section */
		BDE7F959297734A500BFC3F8 /* Main.storyboard */ = {
			isa = PBXVariantGroup;
			children = (
				BDE7F95A297734A500BFC3F8 /* Base */,
			);
			name = Main.storyboard;
			sourceTree = "<group>";
		};
		BDE7F95E297734A700BFC3F8 /* LaunchScreen.storyboard */ = {
			isa = PBXVariantGroup;
			children = (
				BDE7F95F297734A700BFC3F8 /* Base */,
			);
			name = LaunchScreen.storyboard;
			sourceTree = "<group>";
		};
/* End PBXVariantGroup section */

/* Begin XCBuildConfiguration section */
		BDE7F962297734A700BFC3F8 /* Debug */ = {
			isa = XCBuildConfiguration;
			buildSettings = {
				ALWAYS_SEARCH_USER_PATHS = NO;
				CLANG_ANALYZER_NONNULL = YES;
				CLANG_ANALYZER_NUMBER_OBJECT_CONVERSION = YES_AGGRESSIVE;
				CLANG_CXX_LANGUAGE_STANDARD = "gnu++20";
				CLANG_ENABLE_MODULES = YES;
				CLANG_ENABLE_OBJC_ARC = YES;
				CLANG_ENABLE_OBJC_WEAK = YES;
				CLANG_WARN_BLOCK_CAPTURE_AUTORELEASING = YES;
				CLANG_WARN_BOOL_CONVERSION = YES;
				CLANG_WARN_COMMA = YES;
				CLANG_WARN_CONSTANT_CONVERSION = YES;
				CLANG_WARN_DEPRECATED_OBJC_IMPLEMENTATIONS = YES;
				CLANG_WARN_DIRECT_OBJC_ISA_USAGE = YES_ERROR;
				CLANG_WARN_DOCUMENTATION_COMMENTS = YES;
				CLANG_WARN_EMPTY_BODY = YES;
				CLANG_WARN_ENUM_CONVERSION = YES;
				CLANG_WARN_INFINITE_RECURSION = YES;
				CLANG_WARN_INT_CONVERSION = YES;
				CLANG_WARN_NON_LITERAL_NULL_CONVERSION = YES;
				CLANG_WARN_OBJC_IMPLICIT_RETAIN_SELF = YES;
				CLANG_WARN_OBJC_LITERAL_CONVERSION = YES;
				CLANG_WARN_OBJC_ROOT_CLASS = YES_ERROR;
				CLANG_WARN_QUOTED_INCLUDE_IN_FRAMEWORK_HEADER = YES;
				CLANG_WARN_RANGE_LOOP_ANALYSIS = YES;
				CLANG_WARN_STRICT_PROTOTYPES = YES;
				CLANG_WARN_SUSPICIOUS_MOVE = YES;
				CLANG_WARN_UNGUARDED_AVAILABILITY = YES_AGGRESSIVE;
				CLANG_WARN_UNREACHABLE_CODE = YES;
				CLANG_WARN__DUPLICATE_METHOD_MATCH = YES;
				COPY_PHASE_STRIP = NO;
				DEBUG_INFORMATION_FORMAT = dwarf;
				ENABLE_STRICT_OBJC_MSGSEND = YES;
				ENABLE_TESTABILITY = YES;
				GCC_C_LANGUAGE_STANDARD = gnu11;
				GCC_DYNAMIC_NO_PIC = NO;
				GCC_NO_COMMON_BLOCKS = YES;
				GCC_OPTIMIZATION_LEVEL = 0;
				GCC_PREPROCESSOR_DEFINITIONS = (
					"DEBUG=1",
					"$(inherited)",
				);
				GCC_WARN_64_TO_32_BIT_CONVERSION = YES;
				GCC_WARN_ABOUT_RETURN_TYPE = YES_ERROR;
				GCC_WARN_UNDECLARED_SELECTOR = YES;
				GCC_WARN_UNINITIALIZED_AUTOS = YES_AGGRESSIVE;
				GCC_WARN_UNUSED_FUNCTION = YES;
				GCC_WARN_UNUSED_VARIABLE = YES;
				IPHONEOS_DEPLOYMENT_TARGET = 16.2;
				MTL_ENABLE_DEBUG_INFO = INCLUDE_SOURCE;
				MTL_FAST_MATH = YES;
				ONLY_ACTIVE_ARCH = YES;
				SDKROOT = iphoneos;
				SWIFT_ACTIVE_COMPILATION_CONDITIONS = DEBUG;
				SWIFT_OPTIMIZATION_LEVEL = "-Onone";
			};
			name = Debug;
		};
		BDE7F963297734A700BFC3F8 /* Release */ = {
			isa = XCBuildConfiguration;
			buildSettings = {
				ALWAYS_SEARCH_USER_PATHS = NO;
				CLANG_ANALYZER_NONNULL = YES;
				CLANG_ANALYZER_NUMBER_OBJECT_CONVERSION = YES_AGGRESSIVE;
				CLANG_CXX_LANGUAGE_STANDARD = "gnu++20";
				CLANG_ENABLE_MODULES = YES;
				CLANG_ENABLE_OBJC_ARC = YES;
				CLANG_ENABLE_OBJC_WEAK = YES;
				CLANG_WARN_BLOCK_CAPTURE_AUTORELEASING = YES;
				CLANG_WARN_BOOL_CONVERSION = YES;
				CLANG_WARN_COMMA = YES;
				CLANG_WARN_CONSTANT_CONVERSION = YES;
				CLANG_WARN_DEPRECATED_OBJC_IMPLEMENTATIONS = YES;
				CLANG_WARN_DIRECT_OBJC_ISA_USAGE = YES_ERROR;
				CLANG_WARN_DOCUMENTATION_COMMENTS = YES;
				CLANG_WARN_EMPTY_BODY = YES;
				CLANG_WARN_ENUM_CONVERSION = YES;
				CLANG_WARN_INFINITE_RECURSION = YES;
				CLANG_WARN_INT_CONVERSION = YES;
				CLANG_WARN_NON_LITERAL_NULL_CONVERSION = YES;
				CLANG_WARN_OBJC_IMPLICIT_RETAIN_SELF = YES;
				CLANG_WARN_OBJC_LITERAL_CONVERSION = YES;
				CLANG_WARN_OBJC_ROOT_CLASS = YES_ERROR;
				CLANG_WARN_QUOTED_INCLUDE_IN_FRAMEWORK_HEADER = YES;
				CLANG_WARN_RANGE_LOOP_ANALYSIS = YES;
				CLANG_WARN_STRICT_PROTOTYPES = YES;
				CLANG_WARN_SUSPICIOUS_MOVE = YES;
				CLANG_WARN_UNGUARDED_AVAILABILITY = YES_AGGRESSIVE;
				CLANG_WARN_UNREACHABLE_CODE = YES;
				CLANG_WARN__DUPLICATE_METHOD_MATCH = YES;
				COPY_PHASE_STRIP = NO;
				DEBUG_INFORMATION_FORMAT = "dwarf-with-dsym";
				ENABLE_NS_ASSERTIONS = NO;
				ENABLE_STRICT_OBJC_MSGSEND = YES;
				GCC_C_LANGUAGE_STANDARD = gnu11;
				GCC_NO_COMMON_BLOCKS = YES;
				GCC_WARN_64_TO_32_BIT_CONVERSION = YES;
				GCC_WARN_ABOUT_RETURN_TYPE = YES_ERROR;
				GCC_WARN_UNDECLARED_SELECTOR = YES;
				GCC_WARN_UNINITIALIZED_AUTOS = YES_AGGRESSIVE;
				GCC_WARN_UNUSED_FUNCTION = YES;
				GCC_WARN_UNUSED_VARIABLE = YES;
				IPHONEOS_DEPLOYMENT_TARGET = 16.2;
				MTL_ENABLE_DEBUG_INFO = NO;
				MTL_FAST_MATH = YES;
				SDKROOT = iphoneos;
				SWIFT_COMPILATION_MODE = wholemodule;
				SWIFT_OPTIMIZATION_LEVEL = "-O";
				VALIDATE_PRODUCT = YES;
			};
			name = Release;
		};
		BDE7F965297734A700BFC3F8 /* Debug */ = {
			isa = XCBuildConfiguration;
			buildSettings = {
				ASSETCATALOG_COMPILER_APPICON_NAME = AppIcon;
				ASSETCATALOG_COMPILER_GLOBAL_ACCENT_COLOR_NAME = AccentColor;
				CODE_SIGN_STYLE = Automatic;
				CURRENT_PROJECT_VERSION = 1;
				DEVELOPMENT_TEAM = 729RS4Z3AS;
				GENERATE_INFOPLIST_FILE = YES;
				INFOPLIST_FILE = MarvelComics/Info.plist;
				INFOPLIST_KEY_UIApplicationSupportsIndirectInputEvents = YES;
				INFOPLIST_KEY_UILaunchStoryboardName = LaunchScreen;
				INFOPLIST_KEY_UIMainStoryboardFile = Main;
				INFOPLIST_KEY_UISupportedInterfaceOrientations = UIInterfaceOrientationPortrait;
				LD_RUNPATH_SEARCH_PATHS = (
					"$(inherited)",
					"@executable_path/Frameworks",
				);
				MARKETING_VERSION = 1.0;
				PRODUCT_BUNDLE_IDENTIFIER = io.dawlab.MarvelComics;
				PRODUCT_NAME = "$(TARGET_NAME)";
				SWIFT_EMIT_LOC_STRINGS = YES;
				SWIFT_VERSION = 5.0;
				TARGETED_DEVICE_FAMILY = "1,2";
			};
			name = Debug;
		};
		BDE7F966297734A700BFC3F8 /* Release */ = {
			isa = XCBuildConfiguration;
			buildSettings = {
				ASSETCATALOG_COMPILER_APPICON_NAME = AppIcon;
				ASSETCATALOG_COMPILER_GLOBAL_ACCENT_COLOR_NAME = AccentColor;
				CODE_SIGN_STYLE = Automatic;
				CURRENT_PROJECT_VERSION = 1;
				DEVELOPMENT_TEAM = 729RS4Z3AS;
				GENERATE_INFOPLIST_FILE = YES;
				INFOPLIST_FILE = MarvelComics/Info.plist;
				INFOPLIST_KEY_UIApplicationSupportsIndirectInputEvents = YES;
				INFOPLIST_KEY_UILaunchStoryboardName = LaunchScreen;
				INFOPLIST_KEY_UIMainStoryboardFile = Main;
				INFOPLIST_KEY_UISupportedInterfaceOrientations = UIInterfaceOrientationPortrait;
				LD_RUNPATH_SEARCH_PATHS = (
					"$(inherited)",
					"@executable_path/Frameworks",
				);
				MARKETING_VERSION = 1.0;
				PRODUCT_BUNDLE_IDENTIFIER = io.dawlab.MarvelComics;
				PRODUCT_NAME = "$(TARGET_NAME)";
				SWIFT_EMIT_LOC_STRINGS = YES;
				SWIFT_VERSION = 5.0;
				TARGETED_DEVICE_FAMILY = "1,2";
			};
			name = Release;
		};
/* End XCBuildConfiguration section */

/* Begin XCConfigurationList section */
		BDE7F94B297734A500BFC3F8 /* Build configuration list for PBXProject "MarvelComics" */ = {
			isa = XCConfigurationList;
			buildConfigurations = (
				BDE7F962297734A700BFC3F8 /* Debug */,
				BDE7F963297734A700BFC3F8 /* Release */,
			);
			defaultConfigurationIsVisible = 0;
			defaultConfigurationName = Release;
		};
		BDE7F964297734A700BFC3F8 /* Build configuration list for PBXNativeTarget "MarvelComics" */ = {
			isa = XCConfigurationList;
			buildConfigurations = (
				BDE7F965297734A700BFC3F8 /* Debug */,
				BDE7F966297734A700BFC3F8 /* Release */,
			);
			defaultConfigurationIsVisible = 0;
			defaultConfigurationName = Release;
		};
/* End XCConfigurationList section */

/* Begin XCRemoteSwiftPackageReference section */
		BD286A87297ED935000999D1 /* XCRemoteSwiftPackageReference "SDWebImage" */ = {
			isa = XCRemoteSwiftPackageReference;
			repositoryURL = "https://github.com/SDWebImage/SDWebImage.git";
			requirement = {
				kind = upToNextMajorVersion;
				minimumVersion = 5.0.0;
			};
		};
		BD71A27929AA7ED2004A96E6 /* XCRemoteSwiftPackageReference "Alamofire" */ = {
			isa = XCRemoteSwiftPackageReference;
			repositoryURL = "https://github.com/Alamofire/Alamofire.git";
			requirement = {
				kind = upToNextMajorVersion;
				minimumVersion = 5.0.0;
			};
		};
		BD7F751829ACD48D00023BA5 /* XCRemoteSwiftPackageReference "MBProgressHUD" */ = {
			isa = XCRemoteSwiftPackageReference;
			repositoryURL = "https://github.com/jdg/MBProgressHUD.git";
			requirement = {
				kind = upToNextMajorVersion;
				minimumVersion = 1.0.0;
			};
		};
		BD7F752029B0C8C900023BA5 /* XCRemoteSwiftPackageReference "SnapKit" */ = {
			isa = XCRemoteSwiftPackageReference;
			repositoryURL = "https://github.com/SnapKit/SnapKit.git";
			requirement = {
				branch = develop;
				kind = branch;
			};
		};
/* End XCRemoteSwiftPackageReference section */

/* Begin XCSwiftPackageProductDependency section */
		BD286A88297ED935000999D1 /* SDWebImage */ = {
			isa = XCSwiftPackageProductDependency;
			package = BD286A87297ED935000999D1 /* XCRemoteSwiftPackageReference "SDWebImage" */;
			productName = SDWebImage;
		};
		BD71A27A29AA7ED2004A96E6 /* Alamofire */ = {
			isa = XCSwiftPackageProductDependency;
			package = BD71A27929AA7ED2004A96E6 /* XCRemoteSwiftPackageReference "Alamofire" */;
			productName = Alamofire;
		};
		BD7F751929ACD48E00023BA5 /* MBProgressHUD */ = {
			isa = XCSwiftPackageProductDependency;
			package = BD7F751829ACD48D00023BA5 /* XCRemoteSwiftPackageReference "MBProgressHUD" */;
			productName = MBProgressHUD;
		};
		BD7F752129B0C8C900023BA5 /* SnapKit */ = {
			isa = XCSwiftPackageProductDependency;
			package = BD7F752029B0C8C900023BA5 /* XCRemoteSwiftPackageReference "SnapKit" */;
			productName = SnapKit;
		};
/* End XCSwiftPackageProductDependency section */
	};
	rootObject = BDE7F948297734A500BFC3F8 /* Project object */;
}
